{
  "name": "medium-api-proxy",
  "lockfileVersion": 3,
  "requires": true,
  "packages": {
    "": {
      "devDependencies": {
        "serverless-plugin-lambda-insights": "^2.0.0"
      }
    },
    "node_modules/serverless-plugin-lambda-insights": {
      "version": "2.0.0",
      "resolved": "https://registry.npmjs.org/serverless-plugin-lambda-insights/-/serverless-plugin-lambda-insights-2.0.0.tgz",
      "integrity": "sha512-+UMOO6sxIWBRbVkhHur4elFmeWAYREyZRI4g98Culfrs1V9/eX/Q26jsfxXZ42pNlUrYHwrWVmnS7NlOXBVENw==",
      "dev": true
    }
  }
}
